
Microsoft Visual Studio Solution File, Format Version 12.00
# Visual Studio Version 16
VisualStudioVersion = 16.0.31911.196
MinimumVisualStudioVersion = 10.0.40219.1
Project("{FAE04EC0-301F-11D3-BF4B-00C04F79EFBC}") = "Comp337.Entities", "Comp337.Entities\Comp337.Entities.csproj", "{674C6EB1-6889-4337-BAE7-1EAAF34FF415}"
EndProject
Project("{FAE04EC0-301F-11D3-BF4B-00C04F79EFBC}") = "Comp337.DataAccess", "Comp337.DataAccess\Comp337.DataAccess.csproj", "{9199F54B-7DF0-4666-850F-41CB1DC84480}"
EndProject
Project("{FAE04EC0-301F-11D3-BF4B-00C04F79EFBC}") = "Comp337.Business", "Comp337.Business\Comp337.Business.csproj", "{E6808740-599B-4009-B6A1-C9F7038CFC1F}"
EndProject
Project("{FAE04EC0-301F-11D3-BF4B-00C04F79EFBC}") = "Comp337.WebFormsUI", "Comp337.WebFormsUI\Comp337.WebFormsUI.csproj", "{C868FD24-9A12-4FA7-B07B-58B6E34EEC40}"
EndProject
Global
	GlobalSection(SolutionConfigurationPlatforms) = preSolution
		Debug|Any CPU = Debug|Any CPU
		Release|Any CPU = Release|Any CPU
	EndGlobalSection
	GlobalSection(ProjectConfigurationPlatforms) = postSolution
		{674C6EB1-6889-4337-BAE7-1EAAF34FF415}.Debug|Any CPU.ActiveCfg = Debug|Any CPU
		{674C6EB1-6889-4337-BAE7-1EAAF34FF415}.Debug|Any CPU.Build.0 = Debug|Any CPU
		{674C6EB1-6889-4337-BAE7-1EAAF34FF415}.Release|Any CPU.ActiveCfg = Release|Any CPU
		{674C6EB1-6889-4337-BAE7-1EAAF34FF415}.Release|Any CPU.Build.0 = Release|Any CPU
		{9199F54B-7DF0-4666-850F-41CB1DC84480}.Debug|Any CPU.ActiveCfg = Debug|Any CPU
		{9199F54B-7DF0-4666-850F-41CB1DC84480}.Debug|Any CPU.Build.0 = Debug|Any CPU
		{9199F54B-7DF0-4666-850F-41CB1DC84480}.Release|Any CPU.ActiveCfg = Release|Any CPU
		{9199F54B-7DF0-4666-850F-41CB1DC84480}.Release|Any CPU.Build.0 = Release|Any CPU
		{E6808740-599B-4009-B6A1-C9F7038CFC1F}.Debug|Any CPU.ActiveCfg = Debug|Any CPU
		{E6808740-599B-4009-B6A1-C9F7038CFC1F}.Debug|Any CPU.Build.0 = Debug|Any CPU
		{E6808740-599B-4009-B6A1-C9F7038CFC1F}.Release|Any CPU.ActiveCfg = Release|Any CPU
		{E6808740-599B-4009-B6A1-C9F7038CFC1F}.Release|Any CPU.Build.0 = Release|Any CPU
		{C868FD24-9A12-4FA7-B07B-58B6E34EEC40}.Debug|Any CPU.ActiveCfg = Debug|Any CPU
		{C868FD24-9A12-4FA7-B07B-58B6E34EEC40}.Debug|Any CPU.Build.0 = Debug|Any CPU
		{C868FD24-9A12-4FA7-B07B-58B6E34EEC40}.Release|Any CPU.ActiveCfg = Release|Any CPU
		{C868FD24-9A12-4FA7-B07B-58B6E34EEC40}.Release|Any CPU.Build.0 = Release|Any CPU
	EndGlobalSection
	GlobalSection(SolutionProperties) = preSolution
		HideSolutionNode = FALSE
	EndGlobalSection
	GlobalSection(ExtensibilityGlobals) = postSolution
		SolutionGuid = {B05700F2-375E-4648-8BB9-2429AA5CD3D4}
	EndGlobalSection
EndGlobal
